
Microsoft Visual Studio Solution File, Format Version 12.00
# Visual Studio Version 16
VisualStudioVersion = 16.0.29519.181
MinimumVisualStudioVersion = 10.0.40219.1
Project("{F184B08F-C81C-45F6-A57F-5ABD9991F28F}") = "Catalago De  Cine", "Catalago De  Cine.vbproj", "{9FB367FC-00DC-4DF5-BE0C-705643924CF2}"
EndProject
Global
	GlobalSection(SolutionConfigurationPlatforms) = preSolution
		Debug|Any CPU = Debug|Any CPU
		Release|Any CPU = Release|Any CPU
	EndGlobalSection
	GlobalSection(ProjectConfigurationPlatforms) = postSolution
		{9FB367FC-00DC-4DF5-BE0C-705643924CF2}.Debug|Any CPU.ActiveCfg = Debug|Any CPU
		{9FB367FC-00DC-4DF5-BE0C-705643924CF2}.Debug|Any CPU.Build.0 = Debug|Any CPU
		{9FB367FC-00DC-4DF5-BE0C-705643924CF2}.Release|Any CPU.ActiveCfg = Release|Any CPU
		{9FB367FC-00DC-4DF5-BE0C-705643924CF2}.Release|Any CPU.Build.0 = Release|Any CPU
	EndGlobalSection
	GlobalSection(SolutionProperties) = preSolution
		HideSolutionNode = FALSE
	EndGlobalSection
	GlobalSection(ExtensibilityGlobals) = postSolution
		SolutionGuid = {587B52D2-1157-400B-9440-D9ECD137B1E0}
	EndGlobalSection
EndGlobal
